
Microsoft Visual Studio Solution File, Format Version 12.00
# Visual Studio Version 16
VisualStudioVersion = 16.0.29806.167
MinimumVisualStudioVersion = 10.0.40219.1
Project("{8BC9CEB8-8B4A-11D0-8D11-00A0C91BC942}") = "TTF2SDK", "TTF2SDK\TTF2SDK.vcxproj", "{F07D9B2C-F871-495F-95A8-1A266ED9684E}"
	ProjectSection(ProjectDependencies) = postProject
		{6684663D-CC6A-3F94-84E9-989B088FFD0D} = {6684663D-CC6A-3F94-84E9-989B088FFD0D}
		{6F118841-F712-3BA2-ACEE-744693E09883} = {6F118841-F712-3BA2-ACEE-744693E09883}
	EndProjectSection
EndProject
Project("{2150E333-8FDC-42A3-9474-1A3956D46DE8}") = "protobuf", "protobuf", "{C924D63D-18E0-4D2A-8D9F-DEFCDA521F55}"
EndProject
Project("{8BC9CEB8-8B4A-11D0-8D11-00A0C91BC942}") = "libprotobuf", "thirdparty\protobuf_build\libprotobuf.vcxproj", "{6684663D-CC6A-3F94-84E9-989B088FFD0D}"
EndProject
Project("{8BC9CEB8-8B4A-11D0-8D11-00A0C91BC942}") = "libprotoc", "thirdparty\protobuf_build\libprotoc.vcxproj", "{86CD93E2-BA92-3A63-9B20-3804D7FAF244}"
EndProject
Project("{8BC9CEB8-8B4A-11D0-8D11-00A0C91BC942}") = "protoc", "thirdparty\protobuf_build\protoc.vcxproj", "{6F118841-F712-3BA2-ACEE-744693E09883}"
EndProject
Project("{2150E333-8FDC-42A3-9474-1A3956D46DE8}") = "minhook", "minhook", "{3E9D4652-E78B-452D-B326-9E2988885364}"
EndProject
Project("{8BC9CEB8-8B4A-11D0-8D11-00A0C91BC942}") = "libMinHook", "thirdparty\minhook\build\VC16\libMinHook.vcxproj", "{F142A341-5EE0-442D-A15F-98AE9B48DBAE}"
EndProject
Global
	GlobalSection(SolutionConfigurationPlatforms) = preSolution
		Debug|x64 = Debug|x64
		Debug|x86 = Debug|x86
		MinSizeRel|x64 = MinSizeRel|x64
		MinSizeRel|x86 = MinSizeRel|x86
		Release|x64 = Release|x64
		Release|x86 = Release|x86
		RelWithDebInfo|x64 = RelWithDebInfo|x64
		RelWithDebInfo|x86 = RelWithDebInfo|x86
	EndGlobalSection
	GlobalSection(ProjectConfigurationPlatforms) = postSolution
		{F07D9B2C-F871-495F-95A8-1A266ED9684E}.Debug|x64.ActiveCfg = Debug|x64
		{F07D9B2C-F871-495F-95A8-1A266ED9684E}.Debug|x64.Build.0 = Debug|x64
		{F07D9B2C-F871-495F-95A8-1A266ED9684E}.Debug|x86.ActiveCfg = Debug|x64
		{F07D9B2C-F871-495F-95A8-1A266ED9684E}.MinSizeRel|x64.ActiveCfg = Release|x64
		{F07D9B2C-F871-495F-95A8-1A266ED9684E}.MinSizeRel|x64.Build.0 = Release|x64
		{F07D9B2C-F871-495F-95A8-1A266ED9684E}.MinSizeRel|x86.ActiveCfg = Release|x64
		{F07D9B2C-F871-495F-95A8-1A266ED9684E}.MinSizeRel|x86.Build.0 = Release|x64
		{F07D9B2C-F871-495F-95A8-1A266ED9684E}.Release|x64.ActiveCfg = Release|x64
		{F07D9B2C-F871-495F-95A8-1A266ED9684E}.Release|x64.Build.0 = Release|x64
		{F07D9B2C-F871-495F-95A8-1A266ED9684E}.Release|x86.ActiveCfg = Release|x64
		{F07D9B2C-F871-495F-95A8-1A266ED9684E}.RelWithDebInfo|x64.ActiveCfg = Release|x64
		{F07D9B2C-F871-495F-95A8-1A266ED9684E}.RelWithDebInfo|x64.Build.0 = Release|x64
		{F07D9B2C-F871-495F-95A8-1A266ED9684E}.RelWithDebInfo|x86.ActiveCfg = Release|x64
		{F07D9B2C-F871-495F-95A8-1A266ED9684E}.RelWithDebInfo|x86.Build.0 = Release|x64
		{6684663D-CC6A-3F94-84E9-989B088FFD0D}.Debug|x64.ActiveCfg = Debug|x64
		{6684663D-CC6A-3F94-84E9-989B088FFD0D}.Debug|x64.Build.0 = Debug|x64
		{6684663D-CC6A-3F94-84E9-989B088FFD0D}.Debug|x86.ActiveCfg = Debug|x64
		{6684663D-CC6A-3F94-84E9-989B088FFD0D}.MinSizeRel|x64.ActiveCfg = MinSizeRel|x64
		{6684663D-CC6A-3F94-84E9-989B088FFD0D}.MinSizeRel|x64.Build.0 = MinSizeRel|x64
		{6684663D-CC6A-3F94-84E9-989B088FFD0D}.MinSizeRel|x86.ActiveCfg = MinSizeRel|x64
		{6684663D-CC6A-3F94-84E9-989B088FFD0D}.Release|x64.ActiveCfg = Release|x64
		{6684663D-CC6A-3F94-84E9-989B088FFD0D}.Release|x64.Build.0 = Release|x64
		{6684663D-CC6A-3F94-84E9-989B088FFD0D}.Release|x86.ActiveCfg = Release|x64
		{6684663D-CC6A-3F94-84E9-989B088FFD0D}.RelWithDebInfo|x64.ActiveCfg = RelWithDebInfo|x64
		{6684663D-CC6A-3F94-84E9-989B088FFD0D}.RelWithDebInfo|x64.Build.0 = RelWithDebInfo|x64
		{6684663D-CC6A-3F94-84E9-989B088FFD0D}.RelWithDebInfo|x86.ActiveCfg = RelWithDebInfo|x64
		{86CD93E2-BA92-3A63-9B20-3804D7FAF244}.Debug|x64.ActiveCfg = Debug|x64
		{86CD93E2-BA92-3A63-9B20-3804D7FAF244}.Debug|x64.Build.0 = Debug|x64
		{86CD93E2-BA92-3A63-9B20-3804D7FAF244}.Debug|x86.ActiveCfg = Debug|x64
		{86CD93E2-BA92-3A63-9B20-3804D7FAF244}.MinSizeRel|x64.ActiveCfg = MinSizeRel|x64
		{86CD93E2-BA92-3A63-9B20-3804D7FAF244}.MinSizeRel|x64.Build.0 = MinSizeRel|x64
		{86CD93E2-BA92-3A63-9B20-3804D7FAF244}.MinSizeRel|x86.ActiveCfg = MinSizeRel|x64
		{86CD93E2-BA92-3A63-9B20-3804D7FAF244}.Release|x64.ActiveCfg = Release|x64
		{86CD93E2-BA92-3A63-9B20-3804D7FAF244}.Release|x64.Build.0 = Release|x64
		{86CD93E2-BA92-3A63-9B20-3804D7FAF244}.Release|x86.ActiveCfg = Release|x64
		{86CD93E2-BA92-3A63-9B20-3804D7FAF244}.RelWithDebInfo|x64.ActiveCfg = RelWithDebInfo|x64
		{86CD93E2-BA92-3A63-9B20-3804D7FAF244}.RelWithDebInfo|x64.Build.0 = RelWithDebInfo|x64
		{86CD93E2-BA92-3A63-9B20-3804D7FAF244}.RelWithDebInfo|x86.ActiveCfg = RelWithDebInfo|x64
		{6F118841-F712-3BA2-ACEE-744693E09883}.Debug|x64.ActiveCfg = Debug|x64
		{6F118841-F712-3BA2-ACEE-744693E09883}.Debug|x64.Build.0 = Debug|x64
		{6F118841-F712-3BA2-ACEE-744693E09883}.Debug|x86.ActiveCfg = Debug|x64
		{6F118841-F712-3BA2-ACEE-744693E09883}.MinSizeRel|x64.ActiveCfg = MinSizeRel|x64
		{6F118841-F712-3BA2-ACEE-744693E09883}.MinSizeRel|x64.Build.0 = MinSizeRel|x64
		{6F118841-F712-3BA2-ACEE-744693E09883}.MinSizeRel|x86.ActiveCfg = MinSizeRel|x64
		{6F118841-F712-3BA2-ACEE-744693E09883}.Release|x64.ActiveCfg = Release|x64
		{6F118841-F712-3BA2-ACEE-744693E09883}.Release|x64.Build.0 = Release|x64
		{6F118841-F712-3BA2-ACEE-744693E09883}.Release|x86.ActiveCfg = Release|x64
		{6F118841-F712-3BA2-ACEE-744693E09883}.RelWithDebInfo|x64.ActiveCfg = RelWithDebInfo|x64
		{6F118841-F712-3BA2-ACEE-744693E09883}.RelWithDebInfo|x64.Build.0 = RelWithDebInfo|x64
		{6F118841-F712-3BA2-ACEE-744693E09883}.RelWithDebInfo|x86.ActiveCfg = RelWithDebInfo|x64
		{F142A341-5EE0-442D-A15F-98AE9B48DBAE}.Debug|x64.ActiveCfg = Debug|x64
		{F142A341-5EE0-442D-A15F-98AE9B48DBAE}.Debug|x64.Build.0 = Debug|x64
		{F142A341-5EE0-442D-A15F-98AE9B48DBAE}.Debug|x86.ActiveCfg = Debug|Win32
		{F142A341-5EE0-442D-A15F-98AE9B48DBAE}.Debug|x86.Build.0 = Debug|Win32
		{F142A341-5EE0-442D-A15F-98AE9B48DBAE}.MinSizeRel|x64.ActiveCfg = Debug|x64
		{F142A341-5EE0-442D-A15F-98AE9B48DBAE}.MinSizeRel|x64.Build.0 = Debug|x64
		{F142A341-5EE0-442D-A15F-98AE9B48DBAE}.MinSizeRel|x86.ActiveCfg = Debug|Win32
		{F142A341-5EE0-442D-A15F-98AE9B48DBAE}.MinSizeRel|x86.Build.0 = Debug|Win32
		{F142A341-5EE0-442D-A15F-98AE9B48DBAE}.Release|x64.ActiveCfg = Release|x64
		{F142A341-5EE0-442D-A15F-98AE9B48DBAE}.Release|x64.Build.0 = Release|x64
		{F142A341-5EE0-442D-A15F-98AE9B48DBAE}.Release|x86.ActiveCfg = Release|Win32
		{F142A341-5EE0-442D-A15F-98AE9B48DBAE}.Release|x86.Build.0 = Release|Win32
		{F142A341-5EE0-442D-A15F-98AE9B48DBAE}.RelWithDebInfo|x64.ActiveCfg = Release|x64
		{F142A341-5EE0-442D-A15F-98AE9B48DBAE}.RelWithDebInfo|x64.Build.0 = Release|x64
		{F142A341-5EE0-442D-A15F-98AE9B48DBAE}.RelWithDebInfo|x86.ActiveCfg = Release|Win32
		{F142A341-5EE0-442D-A15F-98AE9B48DBAE}.RelWithDebInfo|x86.Build.0 = Release|Win32
	EndGlobalSection
	GlobalSection(SolutionProperties) = preSolution
		HideSolutionNode = FALSE
	EndGlobalSection
	GlobalSection(NestedProjects) = preSolution
		{6684663D-CC6A-3F94-84E9-989B088FFD0D} = {C924D63D-18E0-4D2A-8D9F-DEFCDA521F55}
		{86CD93E2-BA92-3A63-9B20-3804D7FAF244} = {C924D63D-18E0-4D2A-8D9F-DEFCDA521F55}
		{6F118841-F712-3BA2-ACEE-744693E09883} = {C924D63D-18E0-4D2A-8D9F-DEFCDA521F55}
		{F142A341-5EE0-442D-A15F-98AE9B48DBAE} = {3E9D4652-E78B-452D-B326-9E2988885364}
	EndGlobalSection
	GlobalSection(ExtensibilityGlobals) = postSolution
		SolutionGuid = {C34E858A-1A52-4AF1-8DB3-ACC47788AB14}
	EndGlobalSection
EndGlobal
